
Microsoft Visual Studio Solution File, Format Version 12.00
# Visual Studio Version 17
VisualStudioVersion = 17.11.35312.102
MinimumVisualStudioVersion = 10.0.40219.1
Project("{2150E333-8FDC-42A3-9474-1A3956D46DE8}") = "OnionArchitecture", "OnionArchitecture", "{5A78BA7C-2430-4DE8-90DE-82704AB0968F}"
EndProject
Project("{2150E333-8FDC-42A3-9474-1A3956D46DE8}") = "Core", "Core", "{5781166A-7462-49B9-94BF-70297E3DB87D}"
EndProject
Project("{2150E333-8FDC-42A3-9474-1A3956D46DE8}") = "Infrastructure", "Infrastructure", "{80C5C392-00C7-41F4-A634-5114F53D2FC9}"
EndProject
Project("{9A19103F-16F7-4668-BE54-9A1E7A4F7556}") = "OnionArchitecture.HospitalApi.Application", "OnionArchitecture\Core\OnionArchitecture.HospitalApi.Application\OnionArchitecture.HospitalApi.Application.csproj", "{9074BD3C-1C83-423B-ACA9-4219808BB66B}"
EndProject
Project("{9A19103F-16F7-4668-BE54-9A1E7A4F7556}") = "OnionArchitecture.HospitalApi.Domain", "OnionArchitecture\Core\OnionArchitecture.HospitalApi.Domain\OnionArchitecture.HospitalApi.Domain.csproj", "{63F41CFC-B04E-40FB-A362-B24E636ACFC6}"
EndProject
Project("{9A19103F-16F7-4668-BE54-9A1E7A4F7556}") = "OnionArchitecture.HostpitalApi.Persistence", "OnionArchitecture\Infrastructure\OnionArchitecture.HostpitalApi.Persistence\OnionArchitecture.HostpitalApi.Persistence.csproj", "{595BD415-D273-4C43-91D2-33CDE91024BF}"
EndProject
Project("{2150E333-8FDC-42A3-9474-1A3956D46DE8}") = "Presentation", "Presentation", "{C9B325B7-C01D-4DAC-AD77-106EECF75D2E}"
EndProject
Project("{9A19103F-16F7-4668-BE54-9A1E7A4F7556}") = "OnionArchitecture.HospitalApi.API", "OnionArchitecture\Presentation\OnionArchitecture.HospitalApi.API\OnionArchitecture.HospitalApi.API.csproj", "{9D8183FC-5385-441C-939D-54854359A12A}"
EndProject
Global
	GlobalSection(SolutionConfigurationPlatforms) = preSolution
		Debug|Any CPU = Debug|Any CPU
		Release|Any CPU = Release|Any CPU
	EndGlobalSection
	GlobalSection(ProjectConfigurationPlatforms) = postSolution
		{9074BD3C-1C83-423B-ACA9-4219808BB66B}.Debug|Any CPU.ActiveCfg = Debug|Any CPU
		{9074BD3C-1C83-423B-ACA9-4219808BB66B}.Debug|Any CPU.Build.0 = Debug|Any CPU
		{9074BD3C-1C83-423B-ACA9-4219808BB66B}.Release|Any CPU.ActiveCfg = Release|Any CPU
		{9074BD3C-1C83-423B-ACA9-4219808BB66B}.Release|Any CPU.Build.0 = Release|Any CPU
		{63F41CFC-B04E-40FB-A362-B24E636ACFC6}.Debug|Any CPU.ActiveCfg = Debug|Any CPU
		{63F41CFC-B04E-40FB-A362-B24E636ACFC6}.Debug|Any CPU.Build.0 = Debug|Any CPU
		{63F41CFC-B04E-40FB-A362-B24E636ACFC6}.Release|Any CPU.ActiveCfg = Release|Any CPU
		{63F41CFC-B04E-40FB-A362-B24E636ACFC6}.Release|Any CPU.Build.0 = Release|Any CPU
		{595BD415-D273-4C43-91D2-33CDE91024BF}.Debug|Any CPU.ActiveCfg = Debug|Any CPU
		{595BD415-D273-4C43-91D2-33CDE91024BF}.Debug|Any CPU.Build.0 = Debug|Any CPU
		{595BD415-D273-4C43-91D2-33CDE91024BF}.Release|Any CPU.ActiveCfg = Release|Any CPU
		{595BD415-D273-4C43-91D2-33CDE91024BF}.Release|Any CPU.Build.0 = Release|Any CPU
		{9D8183FC-5385-441C-939D-54854359A12A}.Debug|Any CPU.ActiveCfg = Debug|Any CPU
		{9D8183FC-5385-441C-939D-54854359A12A}.Debug|Any CPU.Build.0 = Debug|Any CPU
		{9D8183FC-5385-441C-939D-54854359A12A}.Release|Any CPU.ActiveCfg = Release|Any CPU
		{9D8183FC-5385-441C-939D-54854359A12A}.Release|Any CPU.Build.0 = Release|Any CPU
	EndGlobalSection
	GlobalSection(SolutionProperties) = preSolution
		HideSolutionNode = FALSE
	EndGlobalSection
	GlobalSection(NestedProjects) = preSolution
		{5781166A-7462-49B9-94BF-70297E3DB87D} = {5A78BA7C-2430-4DE8-90DE-82704AB0968F}
		{80C5C392-00C7-41F4-A634-5114F53D2FC9} = {5A78BA7C-2430-4DE8-90DE-82704AB0968F}
		{9074BD3C-1C83-423B-ACA9-4219808BB66B} = {5781166A-7462-49B9-94BF-70297E3DB87D}
		{63F41CFC-B04E-40FB-A362-B24E636ACFC6} = {5781166A-7462-49B9-94BF-70297E3DB87D}
		{595BD415-D273-4C43-91D2-33CDE91024BF} = {80C5C392-00C7-41F4-A634-5114F53D2FC9}
		{C9B325B7-C01D-4DAC-AD77-106EECF75D2E} = {5A78BA7C-2430-4DE8-90DE-82704AB0968F}
		{9D8183FC-5385-441C-939D-54854359A12A} = {C9B325B7-C01D-4DAC-AD77-106EECF75D2E}
	EndGlobalSection
	GlobalSection(ExtensibilityGlobals) = postSolution
		SolutionGuid = {5D728999-1DBC-4427-8DE5-F21C310887CA}
	EndGlobalSection
EndGlobal
